
Microsoft Visual Studio Solution File, Format Version 12.00
# Visual Studio Version 16
VisualStudioVersion = 16.0.31321.278
MinimumVisualStudioVersion = 10.0.40219.1
Project("{FAE04EC0-301F-11D3-BF4B-00C04F79EFBC}") = "Sorteador", "Sorteador\Sorteador.csproj", "{07BBF463-7130-421C-8B96-49F3FF772C2B}"
EndProject
Global
	GlobalSection(SolutionConfigurationPlatforms) = preSolution
		Debug|Any CPU = Debug|Any CPU
		Release|Any CPU = Release|Any CPU
	EndGlobalSection
	GlobalSection(ProjectConfigurationPlatforms) = postSolution
		{07BBF463-7130-421C-8B96-49F3FF772C2B}.Debug|Any CPU.ActiveCfg = Debug|Any CPU
		{07BBF463-7130-421C-8B96-49F3FF772C2B}.Debug|Any CPU.Build.0 = Debug|Any CPU
		{07BBF463-7130-421C-8B96-49F3FF772C2B}.Release|Any CPU.ActiveCfg = Release|Any CPU
		{07BBF463-7130-421C-8B96-49F3FF772C2B}.Release|Any CPU.Build.0 = Release|Any CPU
	EndGlobalSection
	GlobalSection(SolutionProperties) = preSolution
		HideSolutionNode = FALSE
	EndGlobalSection
	GlobalSection(ExtensibilityGlobals) = postSolution
		SolutionGuid = {472DAE77-DB46-481E-8398-E391E26B2E06}
	EndGlobalSection
EndGlobal
